{
  "name": "mpse-web",
  "version": "1.0.0",
  "lockfileVersion": 1,
  "requires": true,
  "dependencies": {
    "ejs": {
      "version": "2.7.2",
      "resolved": "https://registry.npmjs.org/ejs/-/ejs-2.7.2.tgz",
      "integrity": "sha512-rHGwtpl67oih3xAHbZlpw5rQAt+YV1mSCu2fUZ9XNrfaGEhom7E+AUiMci+ByP4aSfuAWx7hE0BPuJLMrpXwOw=="
    }
  }
}
